
Microsoft Visual Studio Solution File, Format Version 12.00
# Visual Studio Version 17
VisualStudioVersion = 17.11.35219.272
MinimumVisualStudioVersion = 10.0.40219.1
Project("{9A19103F-16F7-4668-BE54-9A1E7A4F7556}") = "Compras", "Compras\Compras.csproj", "{2FCB32AE-779C-424A-9AED-FC447FB4D1D5}"
EndProject
Project("{9A19103F-16F7-4668-BE54-9A1E7A4F7556}") = "Cubo", "..\Cubo\Cubo.csproj", "{8598F025-3933-46C0-BB45-387638DDF270}"
EndProject
Project("{FAE04EC0-301F-11D3-BF4B-00C04F79EFBC}") = "CalcularNota", "..\CalcularNota\CalcularNota.csproj", "{8BC04FD8-4771-4403-BA9B-8F68F37C7048}"
EndProject
Project("{FAE04EC0-301F-11D3-BF4B-00C04F79EFBC}") = "RaizCuadrada", "..\RaizCuadrada\RaizCuadrada.csproj", "{F49F8ACC-FCC7-4E62-B183-90724D22ABB5}"
EndProject
Project("{FAE04EC0-301F-11D3-BF4B-00C04F79EFBC}") = "AreaCirculo", "..\ConsoleApp1\AreaCirculo.csproj", "{6D7146AA-3A1B-4F1D-9DB1-0C89E68FF8AD}"
EndProject
Global
	GlobalSection(SolutionConfigurationPlatforms) = preSolution
		Debug|Any CPU = Debug|Any CPU
		Release|Any CPU = Release|Any CPU
	EndGlobalSection
	GlobalSection(ProjectConfigurationPlatforms) = postSolution
		{2FCB32AE-779C-424A-9AED-FC447FB4D1D5}.Debug|Any CPU.ActiveCfg = Debug|Any CPU
		{2FCB32AE-779C-424A-9AED-FC447FB4D1D5}.Debug|Any CPU.Build.0 = Debug|Any CPU
		{2FCB32AE-779C-424A-9AED-FC447FB4D1D5}.Release|Any CPU.ActiveCfg = Release|Any CPU
		{2FCB32AE-779C-424A-9AED-FC447FB4D1D5}.Release|Any CPU.Build.0 = Release|Any CPU
		{8598F025-3933-46C0-BB45-387638DDF270}.Debug|Any CPU.ActiveCfg = Debug|Any CPU
		{8598F025-3933-46C0-BB45-387638DDF270}.Debug|Any CPU.Build.0 = Debug|Any CPU
		{8598F025-3933-46C0-BB45-387638DDF270}.Release|Any CPU.ActiveCfg = Release|Any CPU
		{8598F025-3933-46C0-BB45-387638DDF270}.Release|Any CPU.Build.0 = Release|Any CPU
		{8BC04FD8-4771-4403-BA9B-8F68F37C7048}.Debug|Any CPU.ActiveCfg = Debug|Any CPU
		{8BC04FD8-4771-4403-BA9B-8F68F37C7048}.Debug|Any CPU.Build.0 = Debug|Any CPU
		{8BC04FD8-4771-4403-BA9B-8F68F37C7048}.Release|Any CPU.ActiveCfg = Release|Any CPU
		{8BC04FD8-4771-4403-BA9B-8F68F37C7048}.Release|Any CPU.Build.0 = Release|Any CPU
		{F49F8ACC-FCC7-4E62-B183-90724D22ABB5}.Debug|Any CPU.ActiveCfg = Debug|Any CPU
		{F49F8ACC-FCC7-4E62-B183-90724D22ABB5}.Debug|Any CPU.Build.0 = Debug|Any CPU
		{F49F8ACC-FCC7-4E62-B183-90724D22ABB5}.Release|Any CPU.ActiveCfg = Release|Any CPU
		{F49F8ACC-FCC7-4E62-B183-90724D22ABB5}.Release|Any CPU.Build.0 = Release|Any CPU
		{6D7146AA-3A1B-4F1D-9DB1-0C89E68FF8AD}.Debug|Any CPU.ActiveCfg = Debug|Any CPU
		{6D7146AA-3A1B-4F1D-9DB1-0C89E68FF8AD}.Debug|Any CPU.Build.0 = Debug|Any CPU
		{6D7146AA-3A1B-4F1D-9DB1-0C89E68FF8AD}.Release|Any CPU.ActiveCfg = Release|Any CPU
		{6D7146AA-3A1B-4F1D-9DB1-0C89E68FF8AD}.Release|Any CPU.Build.0 = Release|Any CPU
	EndGlobalSection
	GlobalSection(SolutionProperties) = preSolution
		HideSolutionNode = FALSE
	EndGlobalSection
	GlobalSection(ExtensibilityGlobals) = postSolution
		SolutionGuid = {ECA27CE4-63E2-4135-8EB0-33700B6F508D}
	EndGlobalSection
EndGlobal
