
Microsoft Visual Studio Solution File, Format Version 12.00
# Visual Studio Version 17
VisualStudioVersion = 17.11.35219.272
MinimumVisualStudioVersion = 10.0.40219.1
Project("{FAE04EC0-301F-11D3-BF4B-00C04F79EFBC}") = "AreaCirculo", "AreaCirculo\AreaCirculo.csproj", "{0DF7AF96-28AE-4021-8CAA-1CD053052723}"
EndProject
Global
	GlobalSection(SolutionConfigurationPlatforms) = preSolution
		Debug|Any CPU = Debug|Any CPU
		Release|Any CPU = Release|Any CPU
	EndGlobalSection
	GlobalSection(ProjectConfigurationPlatforms) = postSolution
		{0DF7AF96-28AE-4021-8CAA-1CD053052723}.Debug|Any CPU.ActiveCfg = Debug|Any CPU
		{0DF7AF96-28AE-4021-8CAA-1CD053052723}.Debug|Any CPU.Build.0 = Debug|Any CPU
		{0DF7AF96-28AE-4021-8CAA-1CD053052723}.Release|Any CPU.ActiveCfg = Release|Any CPU
		{0DF7AF96-28AE-4021-8CAA-1CD053052723}.Release|Any CPU.Build.0 = Release|Any CPU
	EndGlobalSection
	GlobalSection(SolutionProperties) = preSolution
		HideSolutionNode = FALSE
	EndGlobalSection
	GlobalSection(ExtensibilityGlobals) = postSolution
		SolutionGuid = {931333A2-7A6A-4C10-969A-6830E2170AF0}
	EndGlobalSection
EndGlobal
