
Microsoft Visual Studio Solution File, Format Version 12.00
# Visual Studio Version 17
VisualStudioVersion = 17.11.35219.272
MinimumVisualStudioVersion = 10.0.40219.1
Project("{FAE04EC0-301F-11D3-BF4B-00C04F79EFBC}") = "HolaMundoo", "HolaMundoo\HolaMundoo.csproj", "{754A7D0A-EC5A-4110-B984-CB935A4DD8E6}"
EndProject
Global
	GlobalSection(SolutionConfigurationPlatforms) = preSolution
		Debug|Any CPU = Debug|Any CPU
		Release|Any CPU = Release|Any CPU
	EndGlobalSection
	GlobalSection(ProjectConfigurationPlatforms) = postSolution
		{754A7D0A-EC5A-4110-B984-CB935A4DD8E6}.Debug|Any CPU.ActiveCfg = Debug|Any CPU
		{754A7D0A-EC5A-4110-B984-CB935A4DD8E6}.Debug|Any CPU.Build.0 = Debug|Any CPU
		{754A7D0A-EC5A-4110-B984-CB935A4DD8E6}.Release|Any CPU.ActiveCfg = Release|Any CPU
		{754A7D0A-EC5A-4110-B984-CB935A4DD8E6}.Release|Any CPU.Build.0 = Release|Any CPU
	EndGlobalSection
	GlobalSection(SolutionProperties) = preSolution
		HideSolutionNode = FALSE
	EndGlobalSection
	GlobalSection(ExtensibilityGlobals) = postSolution
		SolutionGuid = {42A30C81-2EC0-48CD-9B26-5F4A5409E385}
	EndGlobalSection
EndGlobal
