
Microsoft Visual Studio Solution File, Format Version 12.00
# Visual Studio Version 17
VisualStudioVersion = 17.11.35219.272
MinimumVisualStudioVersion = 10.0.40219.1
Project("{FAE04EC0-301F-11D3-BF4B-00C04F79EFBC}") = "MayorNum", "MayorNum\MayorNum.csproj", "{364F1468-9AAF-4CA9-86D4-C883512D90E5}"
EndProject
Global
	GlobalSection(SolutionConfigurationPlatforms) = preSolution
		Debug|Any CPU = Debug|Any CPU
		Release|Any CPU = Release|Any CPU
	EndGlobalSection
	GlobalSection(ProjectConfigurationPlatforms) = postSolution
		{364F1468-9AAF-4CA9-86D4-C883512D90E5}.Debug|Any CPU.ActiveCfg = Debug|Any CPU
		{364F1468-9AAF-4CA9-86D4-C883512D90E5}.Debug|Any CPU.Build.0 = Debug|Any CPU
		{364F1468-9AAF-4CA9-86D4-C883512D90E5}.Release|Any CPU.ActiveCfg = Release|Any CPU
		{364F1468-9AAF-4CA9-86D4-C883512D90E5}.Release|Any CPU.Build.0 = Release|Any CPU
	EndGlobalSection
	GlobalSection(SolutionProperties) = preSolution
		HideSolutionNode = FALSE
	EndGlobalSection
	GlobalSection(ExtensibilityGlobals) = postSolution
		SolutionGuid = {E253F793-8D6F-46F6-9E77-34142FC1B0ED}
	EndGlobalSection
EndGlobal
