
Microsoft Visual Studio Solution File, Format Version 12.00
# Visual Studio Version 17
VisualStudioVersion = 17.11.35219.272
MinimumVisualStudioVersion = 10.0.40219.1
Project("{FAE04EC0-301F-11D3-BF4B-00C04F79EFBC}") = "ParImpar", "ParImpar\ParImpar.csproj", "{AC23F0AC-1D55-410B-B819-5529F76C1775}"
EndProject
Global
	GlobalSection(SolutionConfigurationPlatforms) = preSolution
		Debug|Any CPU = Debug|Any CPU
		Release|Any CPU = Release|Any CPU
	EndGlobalSection
	GlobalSection(ProjectConfigurationPlatforms) = postSolution
		{AC23F0AC-1D55-410B-B819-5529F76C1775}.Debug|Any CPU.ActiveCfg = Debug|Any CPU
		{AC23F0AC-1D55-410B-B819-5529F76C1775}.Debug|Any CPU.Build.0 = Debug|Any CPU
		{AC23F0AC-1D55-410B-B819-5529F76C1775}.Release|Any CPU.ActiveCfg = Release|Any CPU
		{AC23F0AC-1D55-410B-B819-5529F76C1775}.Release|Any CPU.Build.0 = Release|Any CPU
	EndGlobalSection
	GlobalSection(SolutionProperties) = preSolution
		HideSolutionNode = FALSE
	EndGlobalSection
	GlobalSection(ExtensibilityGlobals) = postSolution
		SolutionGuid = {D829802A-39BC-44CD-960B-1653908AB8D6}
	EndGlobalSection
EndGlobal
