
Microsoft Visual Studio Solution File, Format Version 12.00
# Visual Studio Version 17
VisualStudioVersion = 17.11.35219.272
MinimumVisualStudioVersion = 10.0.40219.1
Project("{FAE04EC0-301F-11D3-BF4B-00C04F79EFBC}") = "SumaDosNum", "SumaDosNum\SumaDosNum.csproj", "{D689079C-9453-4217-9AEF-19EECF95954A}"
EndProject
Global
	GlobalSection(SolutionConfigurationPlatforms) = preSolution
		Debug|Any CPU = Debug|Any CPU
		Release|Any CPU = Release|Any CPU
	EndGlobalSection
	GlobalSection(ProjectConfigurationPlatforms) = postSolution
		{D689079C-9453-4217-9AEF-19EECF95954A}.Debug|Any CPU.ActiveCfg = Debug|Any CPU
		{D689079C-9453-4217-9AEF-19EECF95954A}.Debug|Any CPU.Build.0 = Debug|Any CPU
		{D689079C-9453-4217-9AEF-19EECF95954A}.Release|Any CPU.ActiveCfg = Release|Any CPU
		{D689079C-9453-4217-9AEF-19EECF95954A}.Release|Any CPU.Build.0 = Release|Any CPU
	EndGlobalSection
	GlobalSection(SolutionProperties) = preSolution
		HideSolutionNode = FALSE
	EndGlobalSection
	GlobalSection(ExtensibilityGlobals) = postSolution
		SolutionGuid = {FB760F52-9165-4B54-928A-BCAA9228998F}
	EndGlobalSection
EndGlobal
